
Microsoft Visual Studio Solution File, Format Version 12.00
# Visual Studio Version 17
VisualStudioVersion = 17.14.36915.13 d17.14
MinimumVisualStudioVersion = 10.0.40219.1
Project("{FAE04EC0-301F-11D3-BF4B-00C04F79EFBC}") = "BIG", "BIG.csproj", "{55BA88C2-6686-419E-9B47-0FC81CB4F145}"
EndProject
Global
	GlobalSection(SolutionConfigurationPlatforms) = preSolution
		Debug|Any CPU = Debug|Any CPU
		Release|Any CPU = Release|Any CPU
	EndGlobalSection
	GlobalSection(ProjectConfigurationPlatforms) = postSolution
		{55BA88C2-6686-419E-9B47-0FC81CB4F145}.Debug|Any CPU.ActiveCfg = Debug|Any CPU
		{55BA88C2-6686-419E-9B47-0FC81CB4F145}.Debug|Any CPU.Build.0 = Debug|Any CPU
		{55BA88C2-6686-419E-9B47-0FC81CB4F145}.Release|Any CPU.ActiveCfg = Release|Any CPU
		{55BA88C2-6686-419E-9B47-0FC81CB4F145}.Release|Any CPU.Build.0 = Release|Any CPU
	EndGlobalSection
	GlobalSection(SolutionProperties) = preSolution
		HideSolutionNode = FALSE
	EndGlobalSection
	GlobalSection(ExtensibilityGlobals) = postSolution
		SolutionGuid = {2636E74B-CF39-424D-8237-C7CDB7576875}
	EndGlobalSection
EndGlobal
