
Microsoft Visual Studio Solution File, Format Version 12.00
# Visual Studio Version 17
VisualStudioVersion = 17.9.34723.18
MinimumVisualStudioVersion = 10.0.40219.1
Project("{FAE04EC0-301F-11D3-BF4B-00C04F79EFBC}") = "BIG", "BIG.csproj", "{771A9062-21B3-4302-8D9E-F1A3EF0FD16D}"
EndProject
Project("{FAE04EC0-301F-11D3-BF4B-00C04F79EFBC}") = "BIGWorkbook", "..\BIGWorkbook\BIGWorkbook.csproj", "{B2E41D0A-E175-43F8-A1FB-ACF10DA78630}"
EndProject
Project("{FAE04EC0-301F-11D3-BF4B-00C04F79EFBC}") = "BIG.Tests", "..\BIG.Tests\BIG.Tests.csproj", "{53E26E6F-8500-4EE1-930B-97AAD5CDFFFD}"
EndProject
Project("{FAE04EC0-301F-11D3-BF4B-00C04F79EFBC}") = "BIG.Console", "..\BIG.Console\BIG.Console.csproj", "{1C536001-5DF5-42E5-8F9E-3771BC52FF92}"
EndProject
Global
	GlobalSection(SolutionConfigurationPlatforms) = preSolution
		Debug|Any CPU = Debug|Any CPU
		Release|Any CPU = Release|Any CPU
	EndGlobalSection
	GlobalSection(ProjectConfigurationPlatforms) = postSolution
		{771A9062-21B3-4302-8D9E-F1A3EF0FD16D}.Debug|Any CPU.ActiveCfg = Debug|Any CPU
		{771A9062-21B3-4302-8D9E-F1A3EF0FD16D}.Debug|Any CPU.Build.0 = Debug|Any CPU
		{771A9062-21B3-4302-8D9E-F1A3EF0FD16D}.Release|Any CPU.ActiveCfg = Release|Any CPU
		{771A9062-21B3-4302-8D9E-F1A3EF0FD16D}.Release|Any CPU.Build.0 = Release|Any CPU
		{B2E41D0A-E175-43F8-A1FB-ACF10DA78630}.Debug|Any CPU.ActiveCfg = Debug|Any CPU
		{B2E41D0A-E175-43F8-A1FB-ACF10DA78630}.Debug|Any CPU.Build.0 = Debug|Any CPU
		{B2E41D0A-E175-43F8-A1FB-ACF10DA78630}.Release|Any CPU.ActiveCfg = Release|Any CPU
		{B2E41D0A-E175-43F8-A1FB-ACF10DA78630}.Release|Any CPU.Build.0 = Release|Any CPU
		{53E26E6F-8500-4EE1-930B-97AAD5CDFFFD}.Debug|Any CPU.ActiveCfg = Debug|Any CPU
		{53E26E6F-8500-4EE1-930B-97AAD5CDFFFD}.Debug|Any CPU.Build.0 = Debug|Any CPU
		{53E26E6F-8500-4EE1-930B-97AAD5CDFFFD}.Release|Any CPU.ActiveCfg = Release|Any CPU
		{53E26E6F-8500-4EE1-930B-97AAD5CDFFFD}.Release|Any CPU.Build.0 = Release|Any CPU
		{1C536001-5DF5-42E5-8F9E-3771BC52FF92}.Debug|Any CPU.ActiveCfg = Debug|Any CPU
		{1C536001-5DF5-42E5-8F9E-3771BC52FF92}.Debug|Any CPU.Build.0 = Debug|Any CPU
		{1C536001-5DF5-42E5-8F9E-3771BC52FF92}.Release|Any CPU.ActiveCfg = Release|Any CPU
		{1C536001-5DF5-42E5-8F9E-3771BC52FF92}.Release|Any CPU.Build.0 = Release|Any CPU
	EndGlobalSection
	GlobalSection(SolutionProperties) = preSolution
		HideSolutionNode = FALSE
	EndGlobalSection
	GlobalSection(ExtensibilityGlobals) = postSolution
		SolutionGuid = {AD5861A4-92D7-44CA-B64C-C892A83F72AF}
	EndGlobalSection
EndGlobal
